// !$*UTF8*$!
{
	archiveVersion = 1;
	classes = {
	};
	objectVersion = 50;
	objects = {

/* Begin PBXBuildFile section */
		31391EE02512F88C0082B372 /* OneKit.framework in Frameworks */ = {isa = PBXBuildFile; fileRef = 31391ED62512F88C0082B372 /* OneKit.framework */; };
		31391EE52512F88C0082B372 /* OneKitTests.swift in Sources */ = {isa = PBXBuildFile; fileRef = 31391EE42512F88C0082B372 /* OneKitTests.swift */; };
		31391F00251302A70082B372 /* OneKit.h in Headers */ = {isa = PBXBuildFile; fileRef = 31391EFC251302A70082B372 /* OneKit.h */; settings = {ATTRIBUTES = (Public, ); }; };
		31391F05251303490082B372 /* OneKit.swift in Sources */ = {isa = PBXBuildFile; fileRef = 31391F04251303490082B372 /* OneKit.swift */; };
/* End PBXBuildFile section */

/* Begin PBXContainerItemProxy section */
		31391EE12512F88C0082B372 /* PBXContainerItemProxy */ = {
			isa = PBXContainerItemProxy;
			containerPortal = 31391ECD2512F88C0082B372 /* Project object */;
			proxyType = 1;
			remoteGlobalIDString = 31391ED52512F88C0082B372;
			remoteInfo = OneKit;
		};
/* End PBXContainerItemProxy section */

/* Begin PBXFileReference section */
		31391ED62512F88C0082B372 /* OneKit.framework */ = {isa = PBXFileReference; explicitFileType = wrapper.framework; includeInIndex = 0; path = OneKit.framework; sourceTree = BUILT_PRODUCTS_DIR; };
		31391EDF2512F88C0082B372 /* OneKitTests.xctest */ = {isa = PBXFileReference; explicitFileType = wrapper.cfbundle; includeInIndex = 0; path = OneKitTests.xctest; sourceTree = BUILT_PRODUCTS_DIR; };
		31391EE42512F88C0082B372 /* OneKitTests.swift */ = {isa = PBXFileReference; lastKnownFileType = sourcecode.swift; path = OneKitTests.swift; sourceTree = "<group>"; };
		31391EE62512F88C0082B372 /* Info.plist */ = {isa = PBXFileReference; lastKnownFileType = text.plist.xml; path = Info.plist; sourceTree = "<group>"; };
		31391EFC251302A70082B372 /* OneKit.h */ = {isa = PBXFileReference; fileEncoding = 4; lastKnownFileType = sourcecode.c.h; path = OneKit.h; sourceTree = "<group>"; };
		31391EFF251302A70082B372 /* Info.plist */ = {isa = PBXFileReference; fileEncoding = 4; lastKnownFileType = text.plist.xml; path = Info.plist; sourceTree = "<group>"; };
		31391F04251303490082B372 /* OneKit.swift */ = {isa = PBXFileReference; lastKnownFileType = sourcecode.swift; path = OneKit.swift; sourceTree = "<group>"; };
/* End PBXFileReference section */

/* Begin PBXFrameworksBuildPhase section */
		31391ED32512F88C0082B372 /* Frameworks */ = {
			isa = PBXFrameworksBuildPhase;
			buildActionMask = 2147483647;
			files = (
			);
			runOnlyForDeploymentPostprocessing = 0;
		};
		31391EDC2512F88C0082B372 /* Frameworks */ = {
			isa = PBXFrameworksBuildPhase;
			buildActionMask = 2147483647;
			files = (
				31391EE02512F88C0082B372 /* OneKit.framework in Frameworks */,
			);
			runOnlyForDeploymentPostprocessing = 0;
		};
/* End PBXFrameworksBuildPhase section */

/* Begin PBXGroup section */
		31391ECC2512F88C0082B372 = {
			isa = PBXGroup;
			children = (
				31391EFA251302A70082B372 /* Sources */,
				31391EF02512F8C10082B372 /* Tests */,
				31391ED72512F88C0082B372 /* Products */,
			);
			sourceTree = "<group>";
		};
		31391ED72512F88C0082B372 /* Products */ = {
			isa = PBXGroup;
			children = (
				31391ED62512F88C0082B372 /* OneKit.framework */,
				31391EDF2512F88C0082B372 /* OneKitTests.xctest */,
			);
			name = Products;
			sourceTree = "<group>";
		};
		31391EE32512F88C0082B372 /* OneKitTests */ = {
			isa = PBXGroup;
			children = (
				31391EE42512F88C0082B372 /* OneKitTests.swift */,
				31391EE62512F88C0082B372 /* Info.plist */,
			);
			path = OneKitTests;
			sourceTree = "<group>";
		};
		31391EF02512F8C10082B372 /* Tests */ = {
			isa = PBXGroup;
			children = (
				31391EE32512F88C0082B372 /* OneKitTests */,
			);
			path = Tests;
			sourceTree = "<group>";
		};
		31391EFA251302A70082B372 /* Sources */ = {
			isa = PBXGroup;
			children = (
				31391EFB251302A70082B372 /* OneKit */,
			);
			path = Sources;
			sourceTree = "<group>";
		};
		31391EFB251302A70082B372 /* OneKit */ = {
			isa = PBXGroup;
			children = (
				31391EFC251302A70082B372 /* OneKit.h */,
				31391EFF251302A70082B372 /* Info.plist */,
				31391F04251303490082B372 /* OneKit.swift */,
			);
			path = OneKit;
			sourceTree = "<group>";
		};
/* End PBXGroup section */

/* Begin PBXHeadersBuildPhase section */
		31391ED12512F88C0082B372 /* Headers */ = {
			isa = PBXHeadersBuildPhase;
			buildActionMask = 2147483647;
			files = (
				31391F00251302A70082B372 /* OneKit.h in Headers */,
			);
			runOnlyForDeploymentPostprocessing = 0;
		};
/* End PBXHeadersBuildPhase section */

/* Begin PBXNativeTarget section */
		31391ED52512F88C0082B372 /* OneKit */ = {
			isa = PBXNativeTarget;
			buildConfigurationList = 31391EEA2512F88C0082B372 /* Build configuration list for PBXNativeTarget "OneKit" */;
			buildPhases = (
				31391ED12512F88C0082B372 /* Headers */,
				31391ED22512F88C0082B372 /* Sources */,
				31391ED32512F88C0082B372 /* Frameworks */,
				31391ED42512F88C0082B372 /* Resources */,
			);
			buildRules = (
			);
			dependencies = (
			);
			name = OneKit;
			productName = OneKit;
			productReference = 31391ED62512F88C0082B372 /* OneKit.framework */;
			productType = "com.apple.product-type.framework";
		};
		31391EDE2512F88C0082B372 /* OneKitTests */ = {
			isa = PBXNativeTarget;
			buildConfigurationList = 31391EED2512F88C0082B372 /* Build configuration list for PBXNativeTarget "OneKitTests" */;
			buildPhases = (
				31391EDB2512F88C0082B372 /* Sources */,
				31391EDC2512F88C0082B372 /* Frameworks */,
				31391EDD2512F88C0082B372 /* Resources */,
			);
			buildRules = (
			);
			dependencies = (
				31391EE22512F88C0082B372 /* PBXTargetDependency */,
			);
			name = OneKitTests;
			productName = OneKitTests;
			productReference = 31391EDF2512F88C0082B372 /* OneKitTests.xctest */;
			productType = "com.apple.product-type.bundle.unit-test";
		};
/* End PBXNativeTarget section */

/* Begin PBXProject section */
		31391ECD2512F88C0082B372 /* Project object */ = {
			isa = PBXProject;
			attributes = {
				LastSwiftUpdateCheck = 1170;
				LastUpgradeCheck = 1170;
				ORGANIZATIONNAME = yunhao;
				TargetAttributes = {
					31391ED52512F88C0082B372 = {
						CreatedOnToolsVersion = 11.7;
						LastSwiftMigration = 1170;
					};
					31391EDE2512F88C0082B372 = {
						CreatedOnToolsVersion = 11.7;
					};
				};
			};
			buildConfigurationList = 31391ED02512F88C0082B372 /* Build configuration list for PBXProject "OneKit" */;
			compatibilityVersion = "Xcode 9.3";
			developmentRegion = en;
			hasScannedForEncodings = 0;
			knownRegions = (
				en,
				Base,
			);
			mainGroup = 31391ECC2512F88C0082B372;
			productRefGroup = 31391ED72512F88C0082B372 /* Products */;
			projectDirPath = "";
			projectRoot = "";
			targets = (
				31391ED52512F88C0082B372 /* OneKit */,
				31391EDE2512F88C0082B372 /* OneKitTests */,
			);
		};
/* End PBXProject section */

/* Begin PBXResourcesBuildPhase section */
		31391ED42512F88C0082B372 /* Resources */ = {
			isa = PBXResourcesBuildPhase;
			buildActionMask = 2147483647;
			files = (
			);
			runOnlyForDeploymentPostprocessing = 0;
		};
		31391EDD2512F88C0082B372 /* Resources */ = {
			isa = PBXResourcesBuildPhase;
			buildActionMask = 2147483647;
			files = (
			);
			runOnlyForDeploymentPostprocessing = 0;
		};
/* End PBXResourcesBuildPhase section */

/* Begin PBXSourcesBuildPhase section */
		31391ED22512F88C0082B372 /* Sources */ = {
			isa = PBXSourcesBuildPhase;
			buildActionMask = 2147483647;
			files = (
				31391F05251303490082B372 /* OneKit.swift in Sources */,
			);
			runOnlyForDeploymentPostprocessing = 0;
		};
		31391EDB2512F88C0082B372 /* Sources */ = {
			isa = PBXSourcesBuildPhase;
			buildActionMask = 2147483647;
			files = (
				31391EE52512F88C0082B372 /* OneKitTests.swift in Sources */,
			);
			runOnlyForDeploymentPostprocessing = 0;
		};
/* End PBXSourcesBuildPhase section */

/* Begin PBXTargetDependency section */
		31391EE22512F88C0082B372 /* PBXTargetDependency */ = {
			isa = PBXTargetDependency;
			target = 31391ED52512F88C0082B372 /* OneKit */;
			targetProxy = 31391EE12512F88C0082B372 /* PBXContainerItemProxy */;
		};
/* End PBXTargetDependency section */

/* Begin XCBuildConfiguration section */
		31391EE82512F88C0082B372 /* Debug */ = {
			isa = XCBuildConfiguration;
			buildSettings = {
				ALWAYS_SEARCH_USER_PATHS = NO;
				CLANG_ANALYZER_NONNULL = YES;
				CLANG_ANALYZER_NUMBER_OBJECT_CONVERSION = YES_AGGRESSIVE;
				CLANG_CXX_LANGUAGE_STANDARD = "gnu++14";
				CLANG_CXX_LIBRARY = "libc++";
				CLANG_ENABLE_MODULES = YES;
				CLANG_ENABLE_OBJC_ARC = YES;
				CLANG_ENABLE_OBJC_WEAK = YES;
				CLANG_WARN_BLOCK_CAPTURE_AUTORELEASING = YES;
				CLANG_WARN_BOOL_CONVERSION = YES;
				CLANG_WARN_COMMA = YES;
				CLANG_WARN_CONSTANT_CONVERSION = YES;
				CLANG_WARN_DEPRECATED_OBJC_IMPLEMENTATIONS = YES;
				CLANG_WARN_DIRECT_OBJC_ISA_USAGE = YES_ERROR;
				CLANG_WARN_DOCUMENTATION_COMMENTS = YES;
				CLANG_WARN_EMPTY_BODY = YES;
				CLANG_WARN_ENUM_CONVERSION = YES;
				CLANG_WARN_INFINITE_RECURSION = YES;
				CLANG_WARN_INT_CONVERSION = YES;
				CLANG_WARN_NON_LITERAL_NULL_CONVERSION = YES;
				CLANG_WARN_OBJC_IMPLICIT_RETAIN_SELF = YES;
				CLANG_WARN_OBJC_LITERAL_CONVERSION = YES;
				CLANG_WARN_OBJC_ROOT_CLASS = YES_ERROR;
				CLANG_WARN_RANGE_LOOP_ANALYSIS = YES;
				CLANG_WARN_STRICT_PROTOTYPES = YES;
				CLANG_WARN_SUSPICIOUS_MOVE = YES;
				CLANG_WARN_UNGUARDED_AVAILABILITY = YES_AGGRESSIVE;
				CLANG_WARN_UNREACHABLE_CODE = YES;
				CLANG_WARN__DUPLICATE_METHOD_MATCH = YES;
				COPY_PHASE_STRIP = NO;
				CURRENT_PROJECT_VERSION = 1;
				DEBUG_INFORMATION_FORMAT = dwarf;
				ENABLE_STRICT_OBJC_MSGSEND = YES;
				ENABLE_TESTABILITY = YES;
				GCC_C_LANGUAGE_STANDARD = gnu11;
				GCC_DYNAMIC_NO_PIC = NO;
				GCC_NO_COMMON_BLOCKS = YES;
				GCC_OPTIMIZATION_LEVEL = 0;
				GCC_PREPROCESSOR_DEFINITIONS = (
					"DEBUG=1",
					"$(inherited)",
				);
				GCC_WARN_64_TO_32_BIT_CONVERSION = YES;
				GCC_WARN_ABOUT_RETURN_TYPE = YES_ERROR;
				GCC_WARN_UNDECLARED_SELECTOR = YES;
				GCC_WARN_UNINITIALIZED_AUTOS = YES_AGGRESSIVE;
				GCC_WARN_UNUSED_FUNCTION = YES;
				GCC_WARN_UNUSED_VARIABLE = YES;
				IPHONEOS_DEPLOYMENT_TARGET = 13.7;
				MTL_ENABLE_DEBUG_INFO = INCLUDE_SOURCE;
				MTL_FAST_MATH = YES;
				ONLY_ACTIVE_ARCH = YES;
				SDKROOT = iphoneos;
				SWIFT_ACTIVE_COMPILATION_CONDITIONS = DEBUG;
				SWIFT_OPTIMIZATION_LEVEL = "-Onone";
				VERSIONING_SYSTEM = "apple-generic";
				VERSION_INFO_PREFIX = "";
			};
			name = Debug;
		};
		31391EE92512F88C0082B372 /* Release */ = {
			isa = XCBuildConfiguration;
			buildSettings = {
				ALWAYS_SEARCH_USER_PATHS = NO;
				CLANG_ANALYZER_NONNULL = YES;
				CLANG_ANALYZER_NUMBER_OBJECT_CONVERSION = YES_AGGRESSIVE;
				CLANG_CXX_LANGUAGE_STANDARD = "gnu++14";
				CLANG_CXX_LIBRARY = "libc++";
				CLANG_ENABLE_MODULES = YES;
				CLANG_ENABLE_OBJC_ARC = YES;
				CLANG_ENABLE_OBJC_WEAK = YES;
				CLANG_WARN_BLOCK_CAPTURE_AUTORELEASING = YES;
				CLANG_WARN_BOOL_CONVERSION = YES;
				CLANG_WARN_COMMA = YES;
				CLANG_WARN_CONSTANT_CONVERSION = YES;
				CLANG_WARN_DEPRECATED_OBJC_IMPLEMENTATIONS = YES;
				CLANG_WARN_DIRECT_OBJC_ISA_USAGE = YES_ERROR;
				CLANG_WARN_DOCUMENTATION_COMMENTS = YES;
				CLANG_WARN_EMPTY_BODY = YES;
				CLANG_WARN_ENUM_CONVERSION = YES;
				CLANG_WARN_INFINITE_RECURSION = YES;
				CLANG_WARN_INT_CONVERSION = YES;
				CLANG_WARN_NON_LITERAL_NULL_CONVERSION = YES;
				CLANG_WARN_OBJC_IMPLICIT_RETAIN_SELF = YES;
				CLANG_WARN_OBJC_LITERAL_CONVERSION = YES;
				CLANG_WARN_OBJC_ROOT_CLASS = YES_ERROR;
				CLANG_WARN_RANGE_LOOP_ANALYSIS = YES;
				CLANG_WARN_STRICT_PROTOTYPES = YES;
				CLANG_WARN_SUSPICIOUS_MOVE = YES;
				CLANG_WARN_UNGUARDED_AVAILABILITY = YES_AGGRESSIVE;
				CLANG_WARN_UNREACHABLE_CODE = YES;
				CLANG_WARN__DUPLICATE_METHOD_MATCH = YES;
				COPY_PHASE_STRIP = NO;
				CURRENT_PROJECT_VERSION = 1;
				DEBUG_INFORMATION_FORMAT = "dwarf-with-dsym";
				ENABLE_NS_ASSERTIONS = NO;
				ENABLE_STRICT_OBJC_MSGSEND = YES;
				GCC_C_LANGUAGE_STANDARD = gnu11;
				GCC_NO_COMMON_BLOCKS = YES;
				GCC_WARN_64_TO_32_BIT_CONVERSION = YES;
				GCC_WARN_ABOUT_RETURN_TYPE = YES_ERROR;
				GCC_WARN_UNDECLARED_SELECTOR = YES;
				GCC_WARN_UNINITIALIZED_AUTOS = YES_AGGRESSIVE;
				GCC_WARN_UNUSED_FUNCTION = YES;
				GCC_WARN_UNUSED_VARIABLE = YES;
				IPHONEOS_DEPLOYMENT_TARGET = 13.7;
				MTL_ENABLE_DEBUG_INFO = NO;
				MTL_FAST_MATH = YES;
				SDKROOT = iphoneos;
				SWIFT_COMPILATION_MODE = wholemodule;
				SWIFT_OPTIMIZATION_LEVEL = "-O";
				VALIDATE_PRODUCT = YES;
				VERSIONING_SYSTEM = "apple-generic";
				VERSION_INFO_PREFIX = "";
			};
			name = Release;
		};
		31391EEB2512F88C0082B372 /* Debug */ = {
			isa = XCBuildConfiguration;
			buildSettings = {
				CLANG_ENABLE_MODULES = YES;
				CODE_SIGN_STYLE = Automatic;
				DEFINES_MODULE = YES;
				DEVELOPMENT_TEAM = DU3H9RK42T;
				DYLIB_COMPATIBILITY_VERSION = 1;
				DYLIB_CURRENT_VERSION = 1;
				DYLIB_INSTALL_NAME_BASE = "@rpath";
				INFOPLIST_FILE = Sources/OneKit/Info.plist;
				INSTALL_PATH = "$(LOCAL_LIBRARY_DIR)/Frameworks";
				LD_RUNPATH_SEARCH_PATHS = (
					"$(inherited)",
					"@executable_path/Frameworks",
					"@loader_path/Frameworks",
				);
				PRODUCT_BUNDLE_IDENTIFIER = app.yunhao.OneKit;
				PRODUCT_NAME = "$(TARGET_NAME:c99extidentifier)";
				SKIP_INSTALL = YES;
				SWIFT_OPTIMIZATION_LEVEL = "-Onone";
				SWIFT_VERSION = 5.0;
				TARGETED_DEVICE_FAMILY = "1,2";
			};
			name = Debug;
		};
		31391EEC2512F88C0082B372 /* Release */ = {
			isa = XCBuildConfiguration;
			buildSettings = {
				CLANG_ENABLE_MODULES = YES;
				CODE_SIGN_STYLE = Automatic;
				DEFINES_MODULE = YES;
				DEVELOPMENT_TEAM = DU3H9RK42T;
				DYLIB_COMPATIBILITY_VERSION = 1;
				DYLIB_CURRENT_VERSION = 1;
				DYLIB_INSTALL_NAME_BASE = "@rpath";
				INFOPLIST_FILE = Sources/OneKit/Info.plist;
				INSTALL_PATH = "$(LOCAL_LIBRARY_DIR)/Frameworks";
				LD_RUNPATH_SEARCH_PATHS = (
					"$(inherited)",
					"@executable_path/Frameworks",
					"@loader_path/Frameworks",
				);
				PRODUCT_BUNDLE_IDENTIFIER = app.yunhao.OneKit;
				PRODUCT_NAME = "$(TARGET_NAME:c99extidentifier)";
				SKIP_INSTALL = YES;
				SWIFT_VERSION = 5.0;
				TARGETED_DEVICE_FAMILY = "1,2";
			};
			name = Release;
		};
		31391EEE2512F88C0082B372 /* Debug */ = {
			isa = XCBuildConfiguration;
			buildSettings = {
				ALWAYS_EMBED_SWIFT_STANDARD_LIBRARIES = YES;
				CODE_SIGN_STYLE = Automatic;
				DEVELOPMENT_TEAM = DU3H9RK42T;
				INFOPLIST_FILE = Tests/OneKitTests/Info.plist;
				LD_RUNPATH_SEARCH_PATHS = (
					"$(inherited)",
					"@executable_path/Frameworks",
					"@loader_path/Frameworks",
				);
				PRODUCT_BUNDLE_IDENTIFIER = app.yunhao.OneKitTests;
				PRODUCT_NAME = "$(TARGET_NAME)";
				SWIFT_VERSION = 5.0;
				TARGETED_DEVICE_FAMILY = "1,2";
			};
			name = Debug;
		};
		31391EEF2512F88C0082B372 /* Release */ = {
			isa = XCBuildConfiguration;
			buildSettings = {
				ALWAYS_EMBED_SWIFT_STANDARD_LIBRARIES = YES;
				CODE_SIGN_STYLE = Automatic;
				DEVELOPMENT_TEAM = DU3H9RK42T;
				INFOPLIST_FILE = Tests/OneKitTests/Info.plist;
				LD_RUNPATH_SEARCH_PATHS = (
					"$(inherited)",
					"@executable_path/Frameworks",
					"@loader_path/Frameworks",
				);
				PRODUCT_BUNDLE_IDENTIFIER = app.yunhao.OneKitTests;
				PRODUCT_NAME = "$(TARGET_NAME)";
				SWIFT_VERSION = 5.0;
				TARGETED_DEVICE_FAMILY = "1,2";
			};
			name = Release;
		};
/* End XCBuildConfiguration section */

/* Begin XCConfigurationList section */
		31391ED02512F88C0082B372 /* Build configuration list for PBXProject "OneKit" */ = {
			isa = XCConfigurationList;
			buildConfigurations = (
				31391EE82512F88C0082B372 /* Debug */,
				31391EE92512F88C0082B372 /* Release */,
			);
			defaultConfigurationIsVisible = 0;
			defaultConfigurationName = Release;
		};
		31391EEA2512F88C0082B372 /* Build configuration list for PBXNativeTarget "OneKit" */ = {
			isa = XCConfigurationList;
			buildConfigurations = (
				31391EEB2512F88C0082B372 /* Debug */,
				31391EEC2512F88C0082B372 /* Release */,
			);
			defaultConfigurationIsVisible = 0;
			defaultConfigurationName = Release;
		};
		31391EED2512F88C0082B372 /* Build configuration list for PBXNativeTarget "OneKitTests" */ = {
			isa = XCConfigurationList;
			buildConfigurations = (
				31391EEE2512F88C0082B372 /* Debug */,
				31391EEF2512F88C0082B372 /* Release */,
			);
			defaultConfigurationIsVisible = 0;
			defaultConfigurationName = Release;
		};
/* End XCConfigurationList section */
	};
	rootObject = 31391ECD2512F88C0082B372 /* Project object */;
}
